{
  "name": "05-prueba-libreria",
  "version": "1.0.0",
  "lockfileVersion": 2,
  "requires": true,
  "packages": {
    "": {
      "name": "05-prueba-libreria",
      "version": "1.0.0",
      "license": "ISC",
      "dependencies": {
        "calc-44710": "^2.0.0"
      }
    },
    "node_modules/calc-44710": {
      "version": "2.0.0",
      "resolved": "https://registry.npmjs.org/calc-44710/-/calc-44710-2.0.0.tgz",
      "integrity": "sha512-QmxkemNvKre3Sm8jFTdLAsif7pMpzTEkYDNvuirZ2jxBBJzKQJvItWp3v/iMRDUmp5l2I8055JxtYSKnVukBiQ=="
    }
  },
  "dependencies": {
    "calc-44710": {
      "version": "2.0.0",
      "resolved": "https://registry.npmjs.org/calc-44710/-/calc-44710-2.0.0.tgz",
      "integrity": "sha512-QmxkemNvKre3Sm8jFTdLAsif7pMpzTEkYDNvuirZ2jxBBJzKQJvItWp3v/iMRDUmp5l2I8055JxtYSKnVukBiQ=="
    }
  }
}
